
Microsoft Visual Studio Solution File, Format Version 12.00
# Visual Studio 15
VisualStudioVersion = 15.0.27130.2027
MinimumVisualStudioVersion = 10.0.40219.1
Project("{9A19103F-16F7-4668-BE54-9A1E7A4F7556}") = "RS.DataAccess", "RS.DataAccess\RS.DataAccess.csproj", "{7FA6CEE0-4A55-4104-A456-CE86593C3CBC}"
EndProject
Project("{9A19103F-16F7-4668-BE54-9A1E7A4F7556}") = "RS.Entities", "RS.Entities\RS.Entities.csproj", "{87811CEE-EBC2-4A66-AFE3-5ED3E9909E24}"
EndProject
Project("{9A19103F-16F7-4668-BE54-9A1E7A4F7556}") = "RS.Services", "RS.Services\RS.Services.csproj", "{D8E7F9C9-C944-4E68-9987-9A40C89DDF61}"
EndProject
Project("{9A19103F-16F7-4668-BE54-9A1E7A4F7556}") = "RS.API", "RS.API\RS.API.csproj", "{7F2C247A-3BE5-4806-BC4B-E2516F98AB16}"
EndProject
Project("{FAE04EC0-301F-11D3-BF4B-00C04F79EFBC}") = "AngularJSTest", "AngularJSTest\AngularJSTest.csproj", "{DC6CE85A-A3B0-4B35-8D06-82B769BAF616}"
EndProject
Global
	GlobalSection(SolutionConfigurationPlatforms) = preSolution
		Debug|Any CPU = Debug|Any CPU
		Release|Any CPU = Release|Any CPU
	EndGlobalSection
	GlobalSection(ProjectConfigurationPlatforms) = postSolution
		{7FA6CEE0-4A55-4104-A456-CE86593C3CBC}.Debug|Any CPU.ActiveCfg = Debug|Any CPU
		{7FA6CEE0-4A55-4104-A456-CE86593C3CBC}.Debug|Any CPU.Build.0 = Debug|Any CPU
		{7FA6CEE0-4A55-4104-A456-CE86593C3CBC}.Release|Any CPU.ActiveCfg = Release|Any CPU
		{7FA6CEE0-4A55-4104-A456-CE86593C3CBC}.Release|Any CPU.Build.0 = Release|Any CPU
		{87811CEE-EBC2-4A66-AFE3-5ED3E9909E24}.Debug|Any CPU.ActiveCfg = Debug|Any CPU
		{87811CEE-EBC2-4A66-AFE3-5ED3E9909E24}.Debug|Any CPU.Build.0 = Debug|Any CPU
		{87811CEE-EBC2-4A66-AFE3-5ED3E9909E24}.Release|Any CPU.ActiveCfg = Release|Any CPU
		{87811CEE-EBC2-4A66-AFE3-5ED3E9909E24}.Release|Any CPU.Build.0 = Release|Any CPU
		{D8E7F9C9-C944-4E68-9987-9A40C89DDF61}.Debug|Any CPU.ActiveCfg = Debug|Any CPU
		{D8E7F9C9-C944-4E68-9987-9A40C89DDF61}.Debug|Any CPU.Build.0 = Debug|Any CPU
		{D8E7F9C9-C944-4E68-9987-9A40C89DDF61}.Release|Any CPU.ActiveCfg = Release|Any CPU
		{D8E7F9C9-C944-4E68-9987-9A40C89DDF61}.Release|Any CPU.Build.0 = Release|Any CPU
		{7F2C247A-3BE5-4806-BC4B-E2516F98AB16}.Debug|Any CPU.ActiveCfg = Debug|Any CPU
		{7F2C247A-3BE5-4806-BC4B-E2516F98AB16}.Debug|Any CPU.Build.0 = Debug|Any CPU
		{7F2C247A-3BE5-4806-BC4B-E2516F98AB16}.Release|Any CPU.ActiveCfg = Release|Any CPU
		{7F2C247A-3BE5-4806-BC4B-E2516F98AB16}.Release|Any CPU.Build.0 = Release|Any CPU
		{DC6CE85A-A3B0-4B35-8D06-82B769BAF616}.Debug|Any CPU.ActiveCfg = Debug|Any CPU
		{DC6CE85A-A3B0-4B35-8D06-82B769BAF616}.Debug|Any CPU.Build.0 = Debug|Any CPU
		{DC6CE85A-A3B0-4B35-8D06-82B769BAF616}.Release|Any CPU.ActiveCfg = Release|Any CPU
		{DC6CE85A-A3B0-4B35-8D06-82B769BAF616}.Release|Any CPU.Build.0 = Release|Any CPU
	EndGlobalSection
	GlobalSection(SolutionProperties) = preSolution
		HideSolutionNode = FALSE
	EndGlobalSection
	GlobalSection(ExtensibilityGlobals) = postSolution
		SolutionGuid = {876F73E3-085E-4A05-ABDA-F9D8298D84A0}
	EndGlobalSection
EndGlobal
